// !$*UTF8*$!
{
	archiveVersion = 1;
	classes = {
	};
	objectVersion = 50;
	objects = {

/* Begin PBXBuildFile section */
		45201E682743AD6B003CFDA1 /* TestViewController.swift in Sources */ = {isa = PBXBuildFile; fileRef = 45201E672743AD6B003CFDA1 /* TestViewController.swift */; };
		45201E6A2743AF1E003CFDA1 /* TestModel.swift in Sources */ = {isa = PBXBuildFile; fileRef = 45201E692743AF1E003CFDA1 /* TestModel.swift */; };
		45201E6E2743AF72003CFDA1 /* TestCell.swift in Sources */ = {isa = PBXBuildFile; fileRef = 45201E6D2743AF72003CFDA1 /* TestCell.swift */; };
		452AEE77283C746A007067EC /* JRBasicTableViewCell.swift in Sources */ = {isa = PBXBuildFile; fileRef = 452AEE76283C746A007067EC /* JRBasicTableViewCell.swift */; };
		458EEA87273E5FA90095FC87 /* AppDelegate.swift in Sources */ = {isa = PBXBuildFile; fileRef = 458EEA86273E5FA90095FC87 /* AppDelegate.swift */; };
		458EEA8B273E5FA90095FC87 /* ViewController.swift in Sources */ = {isa = PBXBuildFile; fileRef = 458EEA8A273E5FA90095FC87 /* ViewController.swift */; };
		458EEA8E273E5FA90095FC87 /* Main.storyboard in Resources */ = {isa = PBXBuildFile; fileRef = 458EEA8C273E5FA90095FC87 /* Main.storyboard */; };
		458EEA90273E5FAB0095FC87 /* Assets.xcassets in Resources */ = {isa = PBXBuildFile; fileRef = 458EEA8F273E5FAB0095FC87 /* Assets.xcassets */; };
		458EEA93273E5FAB0095FC87 /* LaunchScreen.storyboard in Resources */ = {isa = PBXBuildFile; fileRef = 458EEA91273E5FAB0095FC87 /* LaunchScreen.storyboard */; };
		458EEA9E273E67CC0095FC87 /* JRListViewController.swift in Sources */ = {isa = PBXBuildFile; fileRef = 458EEA9D273E67CC0095FC87 /* JRListViewController.swift */; };
		458EEAA2273E74240095FC87 /* JRModelProtocol.swift in Sources */ = {isa = PBXBuildFile; fileRef = 458EEAA1273E74240095FC87 /* JRModelProtocol.swift */; };
/* End PBXBuildFile section */

/* Begin PBXFileReference section */
		45201E672743AD6B003CFDA1 /* TestViewController.swift */ = {isa = PBXFileReference; lastKnownFileType = sourcecode.swift; path = TestViewController.swift; sourceTree = "<group>"; };
		45201E692743AF1E003CFDA1 /* TestModel.swift */ = {isa = PBXFileReference; lastKnownFileType = sourcecode.swift; path = TestModel.swift; sourceTree = "<group>"; };
		45201E6D2743AF72003CFDA1 /* TestCell.swift */ = {isa = PBXFileReference; lastKnownFileType = sourcecode.swift; path = TestCell.swift; sourceTree = "<group>"; };
		452AEE76283C746A007067EC /* JRBasicTableViewCell.swift */ = {isa = PBXFileReference; lastKnownFileType = sourcecode.swift; path = JRBasicTableViewCell.swift; sourceTree = "<group>"; };
		458EEA83273E5FA90095FC87 /* JRListDemo.app */ = {isa = PBXFileReference; explicitFileType = wrapper.application; includeInIndex = 0; path = JRListDemo.app; sourceTree = BUILT_PRODUCTS_DIR; };
		458EEA86273E5FA90095FC87 /* AppDelegate.swift */ = {isa = PBXFileReference; lastKnownFileType = sourcecode.swift; path = AppDelegate.swift; sourceTree = "<group>"; };
		458EEA8A273E5FA90095FC87 /* ViewController.swift */ = {isa = PBXFileReference; lastKnownFileType = sourcecode.swift; path = ViewController.swift; sourceTree = "<group>"; };
		458EEA8D273E5FA90095FC87 /* Base */ = {isa = PBXFileReference; lastKnownFileType = file.storyboard; name = Base; path = Base.lproj/Main.storyboard; sourceTree = "<group>"; };
		458EEA8F273E5FAB0095FC87 /* Assets.xcassets */ = {isa = PBXFileReference; lastKnownFileType = folder.assetcatalog; path = Assets.xcassets; sourceTree = "<group>"; };
		458EEA92273E5FAB0095FC87 /* Base */ = {isa = PBXFileReference; lastKnownFileType = file.storyboard; name = Base; path = Base.lproj/LaunchScreen.storyboard; sourceTree = "<group>"; };
		458EEA94273E5FAB0095FC87 /* Info.plist */ = {isa = PBXFileReference; lastKnownFileType = text.plist.xml; path = Info.plist; sourceTree = "<group>"; };
		458EEA9D273E67CC0095FC87 /* JRListViewController.swift */ = {isa = PBXFileReference; lastKnownFileType = sourcecode.swift; path = JRListViewController.swift; sourceTree = "<group>"; };
		458EEAA1273E74240095FC87 /* JRModelProtocol.swift */ = {isa = PBXFileReference; fileEncoding = 4; lastKnownFileType = sourcecode.swift; path = JRModelProtocol.swift; sourceTree = "<group>"; };
/* End PBXFileReference section */

/* Begin PBXFrameworksBuildPhase section */
		458EEA80273E5FA90095FC87 /* Frameworks */ = {
			isa = PBXFrameworksBuildPhase;
			buildActionMask = 2147483647;
			files = (
			);
			runOnlyForDeploymentPostprocessing = 0;
		};
/* End PBXFrameworksBuildPhase section */

/* Begin PBXGroup section */
		458EEA7A273E5FA90095FC87 = {
			isa = PBXGroup;
			children = (
				458EEA85273E5FA90095FC87 /* JRListDemo */,
				458EEA84273E5FA90095FC87 /* Products */,
			);
			sourceTree = "<group>";
		};
		458EEA84273E5FA90095FC87 /* Products */ = {
			isa = PBXGroup;
			children = (
				458EEA83273E5FA90095FC87 /* JRListDemo.app */,
			);
			name = Products;
			sourceTree = "<group>";
		};
		458EEA85273E5FA90095FC87 /* JRListDemo */ = {
			isa = PBXGroup;
			children = (
				458EEA9A273E63870095FC87 /* JRList */,
				458EEA86273E5FA90095FC87 /* AppDelegate.swift */,
				458EEA8A273E5FA90095FC87 /* ViewController.swift */,
				45201E672743AD6B003CFDA1 /* TestViewController.swift */,
				45201E692743AF1E003CFDA1 /* TestModel.swift */,
				45201E6D2743AF72003CFDA1 /* TestCell.swift */,
				458EEA8C273E5FA90095FC87 /* Main.storyboard */,
				458EEA8F273E5FAB0095FC87 /* Assets.xcassets */,
				458EEA91273E5FAB0095FC87 /* LaunchScreen.storyboard */,
				458EEA94273E5FAB0095FC87 /* Info.plist */,
			);
			path = JRListDemo;
			sourceTree = "<group>";
		};
		458EEA9A273E63870095FC87 /* JRList */ = {
			isa = PBXGroup;
			children = (
				458EEAA1273E74240095FC87 /* JRModelProtocol.swift */,
				458EEA9D273E67CC0095FC87 /* JRListViewController.swift */,
				452AEE76283C746A007067EC /* JRBasicTableViewCell.swift */,
			);
			path = JRList;
			sourceTree = "<group>";
		};
/* End PBXGroup section */

/* Begin PBXNativeTarget section */
		458EEA82273E5FA90095FC87 /* JRListDemo */ = {
			isa = PBXNativeTarget;
			buildConfigurationList = 458EEA97273E5FAB0095FC87 /* Build configuration list for PBXNativeTarget "JRListDemo" */;
			buildPhases = (
				458EEA7F273E5FA90095FC87 /* Sources */,
				458EEA80273E5FA90095FC87 /* Frameworks */,
				458EEA81273E5FA90095FC87 /* Resources */,
			);
			buildRules = (
			);
			dependencies = (
			);
			name = JRListDemo;
			productName = JRListDemo;
			productReference = 458EEA83273E5FA90095FC87 /* JRListDemo.app */;
			productType = "com.apple.product-type.application";
		};
/* End PBXNativeTarget section */

/* Begin PBXProject section */
		458EEA7B273E5FA90095FC87 /* Project object */ = {
			isa = PBXProject;
			attributes = {
				LastSwiftUpdateCheck = 1250;
				LastUpgradeCheck = 1250;
				TargetAttributes = {
					458EEA82273E5FA90095FC87 = {
						CreatedOnToolsVersion = 12.5;
					};
				};
			};
			buildConfigurationList = 458EEA7E273E5FA90095FC87 /* Build configuration list for PBXProject "JRListDemo" */;
			compatibilityVersion = "Xcode 9.3";
			developmentRegion = en;
			hasScannedForEncodings = 0;
			knownRegions = (
				en,
				Base,
			);
			mainGroup = 458EEA7A273E5FA90095FC87;
			productRefGroup = 458EEA84273E5FA90095FC87 /* Products */;
			projectDirPath = "";
			projectRoot = "";
			targets = (
				458EEA82273E5FA90095FC87 /* JRListDemo */,
			);
		};
/* End PBXProject section */

/* Begin PBXResourcesBuildPhase section */
		458EEA81273E5FA90095FC87 /* Resources */ = {
			isa = PBXResourcesBuildPhase;
			buildActionMask = 2147483647;
			files = (
				458EEA93273E5FAB0095FC87 /* LaunchScreen.storyboard in Resources */,
				458EEA90273E5FAB0095FC87 /* Assets.xcassets in Resources */,
				458EEA8E273E5FA90095FC87 /* Main.storyboard in Resources */,
			);
			runOnlyForDeploymentPostprocessing = 0;
		};
/* End PBXResourcesBuildPhase section */

/* Begin PBXSourcesBuildPhase section */
		458EEA7F273E5FA90095FC87 /* Sources */ = {
			isa = PBXSourcesBuildPhase;
			buildActionMask = 2147483647;
			files = (
				45201E6E2743AF72003CFDA1 /* TestCell.swift in Sources */,
				45201E682743AD6B003CFDA1 /* TestViewController.swift in Sources */,
				458EEA8B273E5FA90095FC87 /* ViewController.swift in Sources */,
				458EEA87273E5FA90095FC87 /* AppDelegate.swift in Sources */,
				45201E6A2743AF1E003CFDA1 /* TestModel.swift in Sources */,
				458EEA9E273E67CC0095FC87 /* JRListViewController.swift in Sources */,
				452AEE77283C746A007067EC /* JRBasicTableViewCell.swift in Sources */,
				458EEAA2273E74240095FC87 /* JRModelProtocol.swift in Sources */,
			);
			runOnlyForDeploymentPostprocessing = 0;
		};
/* End PBXSourcesBuildPhase section */

/* Begin PBXVariantGroup section */
		458EEA8C273E5FA90095FC87 /* Main.storyboard */ = {
			isa = PBXVariantGroup;
			children = (
				458EEA8D273E5FA90095FC87 /* Base */,
			);
			name = Main.storyboard;
			sourceTree = "<group>";
		};
		458EEA91273E5FAB0095FC87 /* LaunchScreen.storyboard */ = {
			isa = PBXVariantGroup;
			children = (
				458EEA92273E5FAB0095FC87 /* Base */,
			);
			name = LaunchScreen.storyboard;
			sourceTree = "<group>";
		};
/* End PBXVariantGroup section */

/* Begin XCBuildConfiguration section */
		458EEA95273E5FAB0095FC87 /* Debug */ = {
			isa = XCBuildConfiguration;
			buildSettings = {
				ALWAYS_SEARCH_USER_PATHS = NO;
				CLANG_ANALYZER_NONNULL = YES;
				CLANG_ANALYZER_NUMBER_OBJECT_CONVERSION = YES_AGGRESSIVE;
				CLANG_CXX_LANGUAGE_STANDARD = "gnu++14";
				CLANG_CXX_LIBRARY = "libc++";
				CLANG_ENABLE_MODULES = YES;
				CLANG_ENABLE_OBJC_ARC = YES;
				CLANG_ENABLE_OBJC_WEAK = YES;
				CLANG_WARN_BLOCK_CAPTURE_AUTORELEASING = YES;
				CLANG_WARN_BOOL_CONVERSION = YES;
				CLANG_WARN_COMMA = YES;
				CLANG_WARN_CONSTANT_CONVERSION = YES;
				CLANG_WARN_DEPRECATED_OBJC_IMPLEMENTATIONS = YES;
				CLANG_WARN_DIRECT_OBJC_ISA_USAGE = YES_ERROR;
				CLANG_WARN_DOCUMENTATION_COMMENTS = YES;
				CLANG_WARN_EMPTY_BODY = YES;
				CLANG_WARN_ENUM_CONVERSION = YES;
				CLANG_WARN_INFINITE_RECURSION = YES;
				CLANG_WARN_INT_CONVERSION = YES;
				CLANG_WARN_NON_LITERAL_NULL_CONVERSION = YES;
				CLANG_WARN_OBJC_IMPLICIT_RETAIN_SELF = YES;
				CLANG_WARN_OBJC_LITERAL_CONVERSION = YES;
				CLANG_WARN_OBJC_ROOT_CLASS = YES_ERROR;
				CLANG_WARN_QUOTED_INCLUDE_IN_FRAMEWORK_HEADER = YES;
				CLANG_WARN_RANGE_LOOP_ANALYSIS = YES;
				CLANG_WARN_STRICT_PROTOTYPES = YES;
				CLANG_WARN_SUSPICIOUS_MOVE = YES;
				CLANG_WARN_UNGUARDED_AVAILABILITY = YES_AGGRESSIVE;
				CLANG_WARN_UNREACHABLE_CODE = YES;
				CLANG_WARN__DUPLICATE_METHOD_MATCH = YES;
				COPY_PHASE_STRIP = NO;
				DEBUG_INFORMATION_FORMAT = dwarf;
				ENABLE_STRICT_OBJC_MSGSEND = YES;
				ENABLE_TESTABILITY = YES;
				GCC_C_LANGUAGE_STANDARD = gnu11;
				GCC_DYNAMIC_NO_PIC = NO;
				GCC_NO_COMMON_BLOCKS = YES;
				GCC_OPTIMIZATION_LEVEL = 0;
				GCC_PREPROCESSOR_DEFINITIONS = (
					"DEBUG=1",
					"$(inherited)",
				);
				GCC_WARN_64_TO_32_BIT_CONVERSION = YES;
				GCC_WARN_ABOUT_RETURN_TYPE = YES_ERROR;
				GCC_WARN_UNDECLARED_SELECTOR = YES;
				GCC_WARN_UNINITIALIZED_AUTOS = YES_AGGRESSIVE;
				GCC_WARN_UNUSED_FUNCTION = YES;
				GCC_WARN_UNUSED_VARIABLE = YES;
				IPHONEOS_DEPLOYMENT_TARGET = 14.5;
				MTL_ENABLE_DEBUG_INFO = INCLUDE_SOURCE;
				MTL_FAST_MATH = YES;
				ONLY_ACTIVE_ARCH = YES;
				SDKROOT = iphoneos;
				SWIFT_ACTIVE_COMPILATION_CONDITIONS = DEBUG;
				SWIFT_OPTIMIZATION_LEVEL = "-Onone";
			};
			name = Debug;
		};
		458EEA96273E5FAB0095FC87 /* Release */ = {
			isa = XCBuildConfiguration;
			buildSettings = {
				ALWAYS_SEARCH_USER_PATHS = NO;
				CLANG_ANALYZER_NONNULL = YES;
				CLANG_ANALYZER_NUMBER_OBJECT_CONVERSION = YES_AGGRESSIVE;
				CLANG_CXX_LANGUAGE_STANDARD = "gnu++14";
				CLANG_CXX_LIBRARY = "libc++";
				CLANG_ENABLE_MODULES = YES;
				CLANG_ENABLE_OBJC_ARC = YES;
				CLANG_ENABLE_OBJC_WEAK = YES;
				CLANG_WARN_BLOCK_CAPTURE_AUTORELEASING = YES;
				CLANG_WARN_BOOL_CONVERSION = YES;
				CLANG_WARN_COMMA = YES;
				CLANG_WARN_CONSTANT_CONVERSION = YES;
				CLANG_WARN_DEPRECATED_OBJC_IMPLEMENTATIONS = YES;
				CLANG_WARN_DIRECT_OBJC_ISA_USAGE = YES_ERROR;
				CLANG_WARN_DOCUMENTATION_COMMENTS = YES;
				CLANG_WARN_EMPTY_BODY = YES;
				CLANG_WARN_ENUM_CONVERSION = YES;
				CLANG_WARN_INFINITE_RECURSION = YES;
				CLANG_WARN_INT_CONVERSION = YES;
				CLANG_WARN_NON_LITERAL_NULL_CONVERSION = YES;
				CLANG_WARN_OBJC_IMPLICIT_RETAIN_SELF = YES;
				CLANG_WARN_OBJC_LITERAL_CONVERSION = YES;
				CLANG_WARN_OBJC_ROOT_CLASS = YES_ERROR;
				CLANG_WARN_QUOTED_INCLUDE_IN_FRAMEWORK_HEADER = YES;
				CLANG_WARN_RANGE_LOOP_ANALYSIS = YES;
				CLANG_WARN_STRICT_PROTOTYPES = YES;
				CLANG_WARN_SUSPICIOUS_MOVE = YES;
				CLANG_WARN_UNGUARDED_AVAILABILITY = YES_AGGRESSIVE;
				CLANG_WARN_UNREACHABLE_CODE = YES;
				CLANG_WARN__DUPLICATE_METHOD_MATCH = YES;
				COPY_PHASE_STRIP = NO;
				DEBUG_INFORMATION_FORMAT = "dwarf-with-dsym";
				ENABLE_NS_ASSERTIONS = NO;
				ENABLE_STRICT_OBJC_MSGSEND = YES;
				GCC_C_LANGUAGE_STANDARD = gnu11;
				GCC_NO_COMMON_BLOCKS = YES;
				GCC_WARN_64_TO_32_BIT_CONVERSION = YES;
				GCC_WARN_ABOUT_RETURN_TYPE = YES_ERROR;
				GCC_WARN_UNDECLARED_SELECTOR = YES;
				GCC_WARN_UNINITIALIZED_AUTOS = YES_AGGRESSIVE;
				GCC_WARN_UNUSED_FUNCTION = YES;
				GCC_WARN_UNUSED_VARIABLE = YES;
				IPHONEOS_DEPLOYMENT_TARGET = 14.5;
				MTL_ENABLE_DEBUG_INFO = NO;
				MTL_FAST_MATH = YES;
				SDKROOT = iphoneos;
				SWIFT_COMPILATION_MODE = wholemodule;
				SWIFT_OPTIMIZATION_LEVEL = "-O";
				VALIDATE_PRODUCT = YES;
			};
			name = Release;
		};
		458EEA98273E5FAB0095FC87 /* Debug */ = {
			isa = XCBuildConfiguration;
			buildSettings = {
				ASSETCATALOG_COMPILER_APPICON_NAME = AppIcon;
				ASSETCATALOG_COMPILER_GLOBAL_ACCENT_COLOR_NAME = AccentColor;
				CODE_SIGN_STYLE = Automatic;
				DEVELOPMENT_TEAM = L63DQ52CN9;
				INFOPLIST_FILE = JRListDemo/Info.plist;
				IPHONEOS_DEPLOYMENT_TARGET = 12.1;
				LD_RUNPATH_SEARCH_PATHS = (
					"$(inherited)",
					"@executable_path/Frameworks",
				);
				MARKETING_VERSION = 1.0.0;
				PRODUCT_BUNDLE_IDENTIFIER = com.jr.JRListDemo;
				PRODUCT_NAME = "$(TARGET_NAME)";
				SWIFT_VERSION = 5.0;
				TARGETED_DEVICE_FAMILY = 1;
			};
			name = Debug;
		};
		458EEA99273E5FAB0095FC87 /* Release */ = {
			isa = XCBuildConfiguration;
			buildSettings = {
				ASSETCATALOG_COMPILER_APPICON_NAME = AppIcon;
				ASSETCATALOG_COMPILER_GLOBAL_ACCENT_COLOR_NAME = AccentColor;
				CODE_SIGN_STYLE = Automatic;
				DEVELOPMENT_TEAM = L63DQ52CN9;
				INFOPLIST_FILE = JRListDemo/Info.plist;
				IPHONEOS_DEPLOYMENT_TARGET = 12.1;
				LD_RUNPATH_SEARCH_PATHS = (
					"$(inherited)",
					"@executable_path/Frameworks",
				);
				MARKETING_VERSION = 1.0.0;
				PRODUCT_BUNDLE_IDENTIFIER = com.jr.JRListDemo;
				PRODUCT_NAME = "$(TARGET_NAME)";
				SWIFT_VERSION = 5.0;
				TARGETED_DEVICE_FAMILY = 1;
			};
			name = Release;
		};
/* End XCBuildConfiguration section */

/* Begin XCConfigurationList section */
		458EEA7E273E5FA90095FC87 /* Build configuration list for PBXProject "JRListDemo" */ = {
			isa = XCConfigurationList;
			buildConfigurations = (
				458EEA95273E5FAB0095FC87 /* Debug */,
				458EEA96273E5FAB0095FC87 /* Release */,
			);
			defaultConfigurationIsVisible = 0;
			defaultConfigurationName = Release;
		};
		458EEA97273E5FAB0095FC87 /* Build configuration list for PBXNativeTarget "JRListDemo" */ = {
			isa = XCConfigurationList;
			buildConfigurations = (
				458EEA98273E5FAB0095FC87 /* Debug */,
				458EEA99273E5FAB0095FC87 /* Release */,
			);
			defaultConfigurationIsVisible = 0;
			defaultConfigurationName = Release;
		};
/* End XCConfigurationList section */
	};
	rootObject = 458EEA7B273E5FA90095FC87 /* Project object */;
}
